
Microsoft Visual Studio Solution File, Format Version 12.00
# Visual Studio 15
VisualStudioVersion = 15.0.28306.52
MinimumVisualStudioVersion = 10.0.40219.1
Project("{FAE04EC0-301F-11D3-BF4B-00C04F79EFBC}") = "RoundedToolBarItem.Android", "RoundedToolBarItem\RoundedToolBarItem.Android\RoundedToolBarItem.Android.csproj", "{3E17423A-DE95-4BC4-8B20-D6DE9BCB86CD}"
EndProject
Project("{FAE04EC0-301F-11D3-BF4B-00C04F79EFBC}") = "RoundedToolBarItem", "RoundedToolBarItem\RoundedToolBarItem\RoundedToolBarItem.csproj", "{BB109A83-0059-479E-BC03-E955458316B2}"
EndProject
Global
	GlobalSection(SolutionConfigurationPlatforms) = preSolution
		Debug|Any CPU = Debug|Any CPU
		Release|Any CPU = Release|Any CPU
	EndGlobalSection
	GlobalSection(ProjectConfigurationPlatforms) = postSolution
		{3E17423A-DE95-4BC4-8B20-D6DE9BCB86CD}.Debug|Any CPU.ActiveCfg = Debug|Any CPU
		{3E17423A-DE95-4BC4-8B20-D6DE9BCB86CD}.Debug|Any CPU.Build.0 = Debug|Any CPU
		{3E17423A-DE95-4BC4-8B20-D6DE9BCB86CD}.Debug|Any CPU.Deploy.0 = Debug|Any CPU
		{3E17423A-DE95-4BC4-8B20-D6DE9BCB86CD}.Release|Any CPU.ActiveCfg = Release|Any CPU
		{3E17423A-DE95-4BC4-8B20-D6DE9BCB86CD}.Release|Any CPU.Build.0 = Release|Any CPU
		{3E17423A-DE95-4BC4-8B20-D6DE9BCB86CD}.Release|Any CPU.Deploy.0 = Release|Any CPU
		{BB109A83-0059-479E-BC03-E955458316B2}.Debug|Any CPU.ActiveCfg = Debug|Any CPU
		{BB109A83-0059-479E-BC03-E955458316B2}.Debug|Any CPU.Build.0 = Debug|Any CPU
		{BB109A83-0059-479E-BC03-E955458316B2}.Release|Any CPU.ActiveCfg = Release|Any CPU
		{BB109A83-0059-479E-BC03-E955458316B2}.Release|Any CPU.Build.0 = Release|Any CPU
	EndGlobalSection
	GlobalSection(SolutionProperties) = preSolution
		HideSolutionNode = FALSE
	EndGlobalSection
	GlobalSection(ExtensibilityGlobals) = postSolution
		SolutionGuid = {F3E16582-03BB-4422-96A7-94344574E558}
	EndGlobalSection
EndGlobal
